PODS:
  - Alamofire (4.0.0)
  - AlamofireObjectMapper (4.0.0):
    - Alamofire (~> 4.0)
    - ObjectMapper (~> 2.0)
  - CryptoSwift (0.6.0)
  - ObjectMapper (2.0.0)
  - SDWebImage (3.8.2):
    - SDWebImage/Core (= 3.8.2)
  - SDWebImage/Core (3.8.2)

DEPENDENCIES:
  - Alamofire (~> 4.0)
  - AlamofireObjectMapper
  - CryptoSwift
  - ObjectMapper
  - SDWebImage

SPEC CHECKSUMS:
  Alamofire: fef59f00388f267e52d9b432aa5d93dc97190f14
  AlamofireObjectMapper: 9faa3ce5a240efda1b209009a2d6e1e949227abc
  CryptoSwift: 4a599b7241b8d3b857d6e2c28867d0bd5d1aae24
  ObjectMapper: aed2570edabbd3c9b26c939e1cabdb6558f933e0
  SDWebImage: 098e97e6176540799c27e804c96653ee0833d13c

PODFILE CHECKSUM: 5d3308d6099e9551332d7021d70f597dea404ba1

COCOAPODS: 1.0.1
