// !$*UTF8*$!
{
	archiveVersion = 1;
	classes = {
	};
	objectVersion = 46;
	objects = {

/* Begin PBXBuildFile section */
		6BB2AC07C872460860505AA8 /* Pods_Mirkofalowka.framework in Frameworks */ = {isa = PBXBuildFile; fileRef = EDFCF8B78DB8EE21DE263FA4 /* Pods_Mirkofalowka.framework */; };
		8928AD031D7372E5002A0E7F /* HotViewController.swift in Sources */ = {isa = PBXBuildFile; fileRef = 8928AD021D7372E5002A0E7F /* HotViewController.swift */; };
		8928AD051D73814E002A0E7F /* User.swift in Sources */ = {isa = PBXBuildFile; fileRef = 8928AD041D73814E002A0E7F /* User.swift */; };
		8928AD071D738EB2002A0E7F /* MirkoPost.swift in Sources */ = {isa = PBXBuildFile; fileRef = 8928AD061D738EB2002A0E7F /* MirkoPost.swift */; };
		892B49CC1D788EFD00268B0C /* PostCell.swift in Sources */ = {isa = PBXBuildFile; fileRef = 892B49CB1D788EFD00268B0C /* PostCell.swift */; };
		892B49CE1D78911500268B0C /* Constants.swift in Sources */ = {isa = PBXBuildFile; fileRef = 892B49CD1D78911500268B0C /* Constants.swift */; };
		892FA4D01D6F44D10079439A /* Login.storyboard in Resources */ = {isa = PBXBuildFile; fileRef = 892FA4CF1D6F44D10079439A /* Login.storyboard */; };
		892FA4D31D6F45F30079439A /* LoginManager.swift in Sources */ = {isa = PBXBuildFile; fileRef = 892FA4D21D6F45F30079439A /* LoginManager.swift */; };
		892FA4D51D6F4DE30079439A /* Extensions.swift in Sources */ = {isa = PBXBuildFile; fileRef = 892FA4D41D6F4DE30079439A /* Extensions.swift */; };
		892FA4D71D6F53030079439A /* MirkoViewController.swift in Sources */ = {isa = PBXBuildFile; fileRef = 892FA4D61D6F53030079439A /* MirkoViewController.swift */; };
		89CA2EB11D6B9ABD0088BE95 /* AppDelegate.swift in Sources */ = {isa = PBXBuildFile; fileRef = 89CA2EB01D6B9ABD0088BE95 /* AppDelegate.swift */; };
		89CA2EB81D6B9ABD0088BE95 /* Main.storyboard in Resources */ = {isa = PBXBuildFile; fileRef = 89CA2EB61D6B9ABD0088BE95 /* Main.storyboard */; };
		89CA2EBA1D6B9ABD0088BE95 /* Assets.xcassets in Resources */ = {isa = PBXBuildFile; fileRef = 89CA2EB91D6B9ABD0088BE95 /* Assets.xcassets */; };
		89CA2EBD1D6B9ABD0088BE95 /* LaunchScreen.storyboard in Resources */ = {isa = PBXBuildFile; fileRef = 89CA2EBB1D6B9ABD0088BE95 /* LaunchScreen.storyboard */; };
		89CA2EC81D6B9ABD0088BE95 /* MirkofalowkaTests.swift in Sources */ = {isa = PBXBuildFile; fileRef = 89CA2EC71D6B9ABD0088BE95 /* MirkofalowkaTests.swift */; };
		89CA2ED31D6B9ABE0088BE95 /* MirkofalowkaUITests.swift in Sources */ = {isa = PBXBuildFile; fileRef = 89CA2ED21D6B9ABE0088BE95 /* MirkofalowkaUITests.swift */; };
		89CA2EE41D6BA2FE0088BE95 /* Mirko.storyboard in Resources */ = {isa = PBXBuildFile; fileRef = 89CA2EE21D6BA2FE0088BE95 /* Mirko.storyboard */; };
		89CA2EE61D6BA35F0088BE95 /* Hot.storyboard in Resources */ = {isa = PBXBuildFile; fileRef = 89CA2EE51D6BA35F0088BE95 /* Hot.storyboard */; };
		89CA2EE91D6BA3F70088BE95 /* Notifications.storyboard in Resources */ = {isa = PBXBuildFile; fileRef = 89CA2EE71D6BA3F70088BE95 /* Notifications.storyboard */; };
		89CA2EEB1D6BA42A0088BE95 /* Settings.storyboard in Resources */ = {isa = PBXBuildFile; fileRef = 89CA2EEA1D6BA42A0088BE95 /* Settings.storyboard */; };
/* End PBXBuildFile section */

/* Begin PBXContainerItemProxy section */
		89CA2EC41D6B9ABD0088BE95 /* PBXContainerItemProxy */ = {
			isa = PBXContainerItemProxy;
			containerPortal = 89CA2EA51D6B9ABD0088BE95 /* Project object */;
			proxyType = 1;
			remoteGlobalIDString = 89CA2EAC1D6B9ABD0088BE95;
			remoteInfo = Mirkofalowka;
		};
		89CA2ECF1D6B9ABD0088BE95 /* PBXContainerItemProxy */ = {
			isa = PBXContainerItemProxy;
			containerPortal = 89CA2EA51D6B9ABD0088BE95 /* Project object */;
			proxyType = 1;
			remoteGlobalIDString = 89CA2EAC1D6B9ABD0088BE95;
			remoteInfo = Mirkofalowka;
		};
/* End PBXContainerItemProxy section */

/* Begin PBXFileReference section */
		41C5C50C279FDF87A233ED7B /* Pods-Mirkofalowka.debug.xcconfig */ = {isa = PBXFileReference; includeInIndex = 1; lastKnownFileType = text.xcconfig; name = "Pods-Mirkofalowka.debug.xcconfig"; path = "Pods/Target Support Files/Pods-Mirkofalowka/Pods-Mirkofalowka.debug.xcconfig"; sourceTree = "<group>"; };
		7BFE7EC2E86F1A1492E9C364 /* Pods-Mirkofalowka.release.xcconfig */ = {isa = PBXFileReference; includeInIndex = 1; lastKnownFileType = text.xcconfig; name = "Pods-Mirkofalowka.release.xcconfig"; path = "Pods/Target Support Files/Pods-Mirkofalowka/Pods-Mirkofalowka.release.xcconfig"; sourceTree = "<group>"; };
		8928AD021D7372E5002A0E7F /* HotViewController.swift */ = {isa = PBXFileReference; fileEncoding = 4; lastKnownFileType = sourcecode.swift; path = HotViewController.swift; sourceTree = "<group>"; };
		8928AD041D73814E002A0E7F /* User.swift */ = {isa = PBXFileReference; fileEncoding = 4; lastKnownFileType = sourcecode.swift; path = User.swift; sourceTree = "<group>"; };
		8928AD061D738EB2002A0E7F /* MirkoPost.swift */ = {isa = PBXFileReference; fileEncoding = 4; lastKnownFileType = sourcecode.swift; path = MirkoPost.swift; sourceTree = "<group>"; };
		892B49CB1D788EFD00268B0C /* PostCell.swift */ = {isa = PBXFileReference; fileEncoding = 4; lastKnownFileType = sourcecode.swift; path = PostCell.swift; sourceTree = "<group>"; };
		892B49CD1D78911500268B0C /* Constants.swift */ = {isa = PBXFileReference; fileEncoding = 4; lastKnownFileType = sourcecode.swift; path = Constants.swift; sourceTree = "<group>"; };
		892FA4CF1D6F44D10079439A /* Login.storyboard */ = {isa = PBXFileReference; fileEncoding = 4; lastKnownFileType = file.storyboard; path = Login.storyboard; sourceTree = "<group>"; };
		892FA4D21D6F45F30079439A /* LoginManager.swift */ = {isa = PBXFileReference; fileEncoding = 4; lastKnownFileType = sourcecode.swift; path = LoginManager.swift; sourceTree = "<group>"; };
		892FA4D41D6F4DE30079439A /* Extensions.swift */ = {isa = PBXFileReference; fileEncoding = 4; lastKnownFileType = sourcecode.swift; path = Extensions.swift; sourceTree = "<group>"; };
		892FA4D61D6F53030079439A /* MirkoViewController.swift */ = {isa = PBXFileReference; fileEncoding = 4; lastKnownFileType = sourcecode.swift; path = MirkoViewController.swift; sourceTree = "<group>"; };
		89CA2EAD1D6B9ABD0088BE95 /* Mirkofalowka.app */ = {isa = PBXFileReference; explicitFileType = wrapper.application; includeInIndex = 0; path = Mirkofalowka.app; sourceTree = BUILT_PRODUCTS_DIR; };
		89CA2EB01D6B9ABD0088BE95 /* AppDelegate.swift */ = {isa = PBXFileReference; lastKnownFileType = sourcecode.swift; path = AppDelegate.swift; sourceTree = "<group>"; };
		89CA2EB71D6B9ABD0088BE95 /* Base */ = {isa = PBXFileReference; lastKnownFileType = file.storyboard; name = Base; path = Base.lproj/Main.storyboard; sourceTree = "<group>"; };
		89CA2EB91D6B9ABD0088BE95 /* Assets.xcassets */ = {isa = PBXFileReference; lastKnownFileType = folder.assetcatalog; path = Assets.xcassets; sourceTree = "<group>"; };
		89CA2EBC1D6B9ABD0088BE95 /* Base */ = {isa = PBXFileReference; lastKnownFileType = file.storyboard; name = Base; path = Base.lproj/LaunchScreen.storyboard; sourceTree = "<group>"; };
		89CA2EBE1D6B9ABD0088BE95 /* Info.plist */ = {isa = PBXFileReference; lastKnownFileType = text.plist.xml; path = Info.plist; sourceTree = "<group>"; };
		89CA2EC31D6B9ABD0088BE95 /* MirkofalowkaTests.xctest */ = {isa = PBXFileReference; explicitFileType = wrapper.cfbundle; includeInIndex = 0; path = MirkofalowkaTests.xctest; sourceTree = BUILT_PRODUCTS_DIR; };
		89CA2EC71D6B9ABD0088BE95 /* MirkofalowkaTests.swift */ = {isa = PBXFileReference; lastKnownFileType = sourcecode.swift; path = MirkofalowkaTests.swift; sourceTree = "<group>"; };
		89CA2EC91D6B9ABD0088BE95 /* Info.plist */ = {isa = PBXFileReference; lastKnownFileType = text.plist.xml; path = Info.plist; sourceTree = "<group>"; };
		89CA2ECE1D6B9ABD0088BE95 /* MirkofalowkaUITests.xctest */ = {isa = PBXFileReference; explicitFileType = wrapper.cfbundle; includeInIndex = 0; path = MirkofalowkaUITests.xctest; sourceTree = BUILT_PRODUCTS_DIR; };
		89CA2ED21D6B9ABE0088BE95 /* MirkofalowkaUITests.swift */ = {isa = PBXFileReference; lastKnownFileType = sourcecode.swift; path = MirkofalowkaUITests.swift; sourceTree = "<group>"; };
		89CA2ED41D6B9ABE0088BE95 /* Info.plist */ = {isa = PBXFileReference; lastKnownFileType = text.plist.xml; path = Info.plist; sourceTree = "<group>"; };
		89CA2EE31D6BA2FE0088BE95 /* Base */ = {isa = PBXFileReference; lastKnownFileType = file.storyboard; name = Base; path = Base.lproj/Mirko.storyboard; sourceTree = "<group>"; };
		89CA2EE51D6BA35F0088BE95 /* Hot.storyboard */ = {isa = PBXFileReference; fileEncoding = 4; lastKnownFileType = file.storyboard; path = Hot.storyboard; sourceTree = "<group>"; };
		89CA2EE81D6BA3F70088BE95 /* Base */ = {isa = PBXFileReference; lastKnownFileType = file.storyboard; name = Base; path = Base.lproj/Notifications.storyboard; sourceTree = "<group>"; };
		89CA2EEA1D6BA42A0088BE95 /* Settings.storyboard */ = {isa = PBXFileReference; fileEncoding = 4; lastKnownFileType = file.storyboard; path = Settings.storyboard; sourceTree = "<group>"; };
		EDFCF8B78DB8EE21DE263FA4 /* Pods_Mirkofalowka.framework */ = {isa = PBXFileReference; explicitFileType = wrapper.framework; includeInIndex = 0; path = Pods_Mirkofalowka.framework; sourceTree = BUILT_PRODUCTS_DIR; };
/* End PBXFileReference section */

/* Begin PBXFrameworksBuildPhase section */
		89CA2EAA1D6B9ABD0088BE95 /* Frameworks */ = {
			isa = PBXFrameworksBuildPhase;
			buildActionMask = 2147483647;
			files = (
				6BB2AC07C872460860505AA8 /* Pods_Mirkofalowka.framework in Frameworks */,
			);
			runOnlyForDeploymentPostprocessing = 0;
		};
		89CA2EC01D6B9ABD0088BE95 /* Frameworks */ = {
			isa = PBXFrameworksBuildPhase;
			buildActionMask = 2147483647;
			files = (
			);
			runOnlyForDeploymentPostprocessing = 0;
		};
		89CA2ECB1D6B9ABD0088BE95 /* Frameworks */ = {
			isa = PBXFrameworksBuildPhase;
			buildActionMask = 2147483647;
			files = (
			);
			runOnlyForDeploymentPostprocessing = 0;
		};
/* End PBXFrameworksBuildPhase section */

/* Begin PBXGroup section */
		6DA4C27944A529E66696195C /* Frameworks */ = {
			isa = PBXGroup;
			children = (
				EDFCF8B78DB8EE21DE263FA4 /* Pods_Mirkofalowka.framework */,
			);
			name = Frameworks;
			sourceTree = "<group>";
		};
		8928AD011D7372CC002A0E7F /* Hot */ = {
			isa = PBXGroup;
			children = (
				89CA2EE51D6BA35F0088BE95 /* Hot.storyboard */,
				8928AD021D7372E5002A0E7F /* HotViewController.swift */,
			);
			name = Hot;
			sourceTree = "<group>";
		};
		892B49CF1D78918500268B0C /* Helpers */ = {
			isa = PBXGroup;
			children = (
				892B49CD1D78911500268B0C /* Constants.swift */,
				892FA4D41D6F4DE30079439A /* Extensions.swift */,
			);
			name = Helpers;
			sourceTree = "<group>";
		};
		892B49D01D7891A700268B0C /* Model */ = {
			isa = PBXGroup;
			children = (
				8928AD041D73814E002A0E7F /* User.swift */,
				8928AD061D738EB2002A0E7F /* MirkoPost.swift */,
			);
			name = Model;
			sourceTree = "<group>";
		};
		892FA4D11D6F45DB0079439A /* API */ = {
			isa = PBXGroup;
			children = (
				892FA4D21D6F45F30079439A /* LoginManager.swift */,
			);
			name = API;
			sourceTree = "<group>";
		};
		89CA2EA41D6B9ABD0088BE95 = {
			isa = PBXGroup;
			children = (
				89CA2EAF1D6B9ABD0088BE95 /* Mirkofalowka */,
				89CA2EC61D6B9ABD0088BE95 /* MirkofalowkaTests */,
				89CA2ED11D6B9ABD0088BE95 /* MirkofalowkaUITests */,
				89CA2EAE1D6B9ABD0088BE95 /* Products */,
				BC972FA4C7E6EF8DA4C54813 /* Pods */,
				6DA4C27944A529E66696195C /* Frameworks */,
			);
			sourceTree = "<group>";
		};
		89CA2EAE1D6B9ABD0088BE95 /* Products */ = {
			isa = PBXGroup;
			children = (
				89CA2EAD1D6B9ABD0088BE95 /* Mirkofalowka.app */,
				89CA2EC31D6B9ABD0088BE95 /* MirkofalowkaTests.xctest */,
				89CA2ECE1D6B9ABD0088BE95 /* MirkofalowkaUITests.xctest */,
			);
			name = Products;
			sourceTree = "<group>";
		};
		89CA2EAF1D6B9ABD0088BE95 /* Mirkofalowka */ = {
			isa = PBXGroup;
			children = (
				892B49D01D7891A700268B0C /* Model */,
				892B49CF1D78918500268B0C /* Helpers */,
				8928AD011D7372CC002A0E7F /* Hot */,
				892FA4D11D6F45DB0079439A /* API */,
				89CA2EEE1D6BA45E0088BE95 /* Notifications */,
				89CA2EED1D6BA4530088BE95 /* Settings */,
				89CA2EEC1D6BA43D0088BE95 /* Mirko */,
				89CA2EB01D6B9ABD0088BE95 /* AppDelegate.swift */,
				89CA2EB61D6B9ABD0088BE95 /* Main.storyboard */,
				89CA2EB91D6B9ABD0088BE95 /* Assets.xcassets */,
				89CA2EBB1D6B9ABD0088BE95 /* LaunchScreen.storyboard */,
				89CA2EBE1D6B9ABD0088BE95 /* Info.plist */,
				892FA4CF1D6F44D10079439A /* Login.storyboard */,
			);
			path = Mirkofalowka;
			sourceTree = "<group>";
		};
		89CA2EC61D6B9ABD0088BE95 /* MirkofalowkaTests */ = {
			isa = PBXGroup;
			children = (
				89CA2EC71D6B9ABD0088BE95 /* MirkofalowkaTests.swift */,
				89CA2EC91D6B9ABD0088BE95 /* Info.plist */,
			);
			path = MirkofalowkaTests;
			sourceTree = "<group>";
		};
		89CA2ED11D6B9ABD0088BE95 /* MirkofalowkaUITests */ = {
			isa = PBXGroup;
			children = (
				89CA2ED21D6B9ABE0088BE95 /* MirkofalowkaUITests.swift */,
				89CA2ED41D6B9ABE0088BE95 /* Info.plist */,
			);
			path = MirkofalowkaUITests;
			sourceTree = "<group>";
		};
		89CA2EEC1D6BA43D0088BE95 /* Mirko */ = {
			isa = PBXGroup;
			children = (
				89CA2EE21D6BA2FE0088BE95 /* Mirko.storyboard */,
				892FA4D61D6F53030079439A /* MirkoViewController.swift */,
				892B49CB1D788EFD00268B0C /* PostCell.swift */,
			);
			name = Mirko;
			sourceTree = "<group>";
		};
		89CA2EED1D6BA4530088BE95 /* Settings */ = {
			isa = PBXGroup;
			children = (
				89CA2EEA1D6BA42A0088BE95 /* Settings.storyboard */,
			);
			name = Settings;
			sourceTree = "<group>";
		};
		89CA2EEE1D6BA45E0088BE95 /* Notifications */ = {
			isa = PBXGroup;
			children = (
				89CA2EE71D6BA3F70088BE95 /* Notifications.storyboard */,
			);
			name = Notifications;
			sourceTree = "<group>";
		};
		BC972FA4C7E6EF8DA4C54813 /* Pods */ = {
			isa = PBXGroup;
			children = (
				41C5C50C279FDF87A233ED7B /* Pods-Mirkofalowka.debug.xcconfig */,
				7BFE7EC2E86F1A1492E9C364 /* Pods-Mirkofalowka.release.xcconfig */,
			);
			name = Pods;
			sourceTree = "<group>";
		};
/* End PBXGroup section */

/* Begin PBXNativeTarget section */
		89CA2EAC1D6B9ABD0088BE95 /* Mirkofalowka */ = {
			isa = PBXNativeTarget;
			buildConfigurationList = 89CA2ED71D6B9ABE0088BE95 /* Build configuration list for PBXNativeTarget "Mirkofalowka" */;
			buildPhases = (
				CCC85A1A57C582C09B13B336 /* [CP] Check Pods Manifest.lock */,
				89CA2EA91D6B9ABD0088BE95 /* Sources */,
				89CA2EAA1D6B9ABD0088BE95 /* Frameworks */,
				89CA2EAB1D6B9ABD0088BE95 /* Resources */,
				EEE870210C2707833E62696A /* [CP] Embed Pods Frameworks */,
				A208DEF7348859FD4269E918 /* [CP] Copy Pods Resources */,
			);
			buildRules = (
			);
			dependencies = (
			);
			name = Mirkofalowka;
			productName = Mirkofalowka;
			productReference = 89CA2EAD1D6B9ABD0088BE95 /* Mirkofalowka.app */;
			productType = "com.apple.product-type.application";
		};
		89CA2EC21D6B9ABD0088BE95 /* MirkofalowkaTests */ = {
			isa = PBXNativeTarget;
			buildConfigurationList = 89CA2EDA1D6B9ABE0088BE95 /* Build configuration list for PBXNativeTarget "MirkofalowkaTests" */;
			buildPhases = (
				89CA2EBF1D6B9ABD0088BE95 /* Sources */,
				89CA2EC01D6B9ABD0088BE95 /* Frameworks */,
				89CA2EC11D6B9ABD0088BE95 /* Resources */,
			);
			buildRules = (
			);
			dependencies = (
				89CA2EC51D6B9ABD0088BE95 /* PBXTargetDependency */,
			);
			name = MirkofalowkaTests;
			productName = MirkofalowkaTests;
			productReference = 89CA2EC31D6B9ABD0088BE95 /* MirkofalowkaTests.xctest */;
			productType = "com.apple.product-type.bundle.unit-test";
		};
		89CA2ECD1D6B9ABD0088BE95 /* MirkofalowkaUITests */ = {
			isa = PBXNativeTarget;
			buildConfigurationList = 89CA2EDD1D6B9ABE0088BE95 /* Build configuration list for PBXNativeTarget "MirkofalowkaUITests" */;
			buildPhases = (
				89CA2ECA1D6B9ABD0088BE95 /* Sources */,
				89CA2ECB1D6B9ABD0088BE95 /* Frameworks */,
				89CA2ECC1D6B9ABD0088BE95 /* Resources */,
			);
			buildRules = (
			);
			dependencies = (
				89CA2ED01D6B9ABD0088BE95 /* PBXTargetDependency */,
			);
			name = MirkofalowkaUITests;
			productName = MirkofalowkaUITests;
			productReference = 89CA2ECE1D6B9ABD0088BE95 /* MirkofalowkaUITests.xctest */;
			productType = "com.apple.product-type.bundle.ui-testing";
		};
/* End PBXNativeTarget section */

/* Begin PBXProject section */
		89CA2EA51D6B9ABD0088BE95 /* Project object */ = {
			isa = PBXProject;
			attributes = {
				LastSwiftUpdateCheck = 0730;
				LastUpgradeCheck = 0800;
				ORGANIZATIONNAME = wczoraj;
				TargetAttributes = {
					89CA2EAC1D6B9ABD0088BE95 = {
						CreatedOnToolsVersion = 7.3.1;
						DevelopmentTeam = X9M92XL2Y8;
						LastSwiftMigration = 0800;
					};
					89CA2EC21D6B9ABD0088BE95 = {
						CreatedOnToolsVersion = 7.3.1;
						LastSwiftMigration = 0800;
						TestTargetID = 89CA2EAC1D6B9ABD0088BE95;
					};
					89CA2ECD1D6B9ABD0088BE95 = {
						CreatedOnToolsVersion = 7.3.1;
						LastSwiftMigration = 0800;
						TestTargetID = 89CA2EAC1D6B9ABD0088BE95;
					};
				};
			};
			buildConfigurationList = 89CA2EA81D6B9ABD0088BE95 /* Build configuration list for PBXProject "Mirkofalowka" */;
			compatibilityVersion = "Xcode 3.2";
			developmentRegion = English;
			hasScannedForEncodings = 0;
			knownRegions = (
				en,
				Base,
			);
			mainGroup = 89CA2EA41D6B9ABD0088BE95;
			productRefGroup = 89CA2EAE1D6B9ABD0088BE95 /* Products */;
			projectDirPath = "";
			projectRoot = "";
			targets = (
				89CA2EAC1D6B9ABD0088BE95 /* Mirkofalowka */,
				89CA2EC21D6B9ABD0088BE95 /* MirkofalowkaTests */,
				89CA2ECD1D6B9ABD0088BE95 /* MirkofalowkaUITests */,
			);
		};
/* End PBXProject section */

/* Begin PBXResourcesBuildPhase section */
		89CA2EAB1D6B9ABD0088BE95 /* Resources */ = {
			isa = PBXResourcesBuildPhase;
			buildActionMask = 2147483647;
			files = (
				892FA4D01D6F44D10079439A /* Login.storyboard in Resources */,
				89CA2EBD1D6B9ABD0088BE95 /* LaunchScreen.storyboard in Resources */,
				89CA2EBA1D6B9ABD0088BE95 /* Assets.xcassets in Resources */,
				89CA2EE61D6BA35F0088BE95 /* Hot.storyboard in Resources */,
				89CA2EE91D6BA3F70088BE95 /* Notifications.storyboard in Resources */,
				89CA2EB81D6B9ABD0088BE95 /* Main.storyboard in Resources */,
				89CA2EE41D6BA2FE0088BE95 /* Mirko.storyboard in Resources */,
				89CA2EEB1D6BA42A0088BE95 /* Settings.storyboard in Resources */,
			);
			runOnlyForDeploymentPostprocessing = 0;
		};
		89CA2EC11D6B9ABD0088BE95 /* Resources */ = {
			isa = PBXResourcesBuildPhase;
			buildActionMask = 2147483647;
			files = (
			);
			runOnlyForDeploymentPostprocessing = 0;
		};
		89CA2ECC1D6B9ABD0088BE95 /* Resources */ = {
			isa = PBXResourcesBuildPhase;
			buildActionMask = 2147483647;
			files = (
			);
			runOnlyForDeploymentPostprocessing = 0;
		};
/* End PBXResourcesBuildPhase section */

/* Begin PBXShellScriptBuildPhase section */
		A208DEF7348859FD4269E918 /* [CP] Copy Pods Resources */ = {
			isa = PBXShellScriptBuildPhase;
			buildActionMask = 2147483647;
			files = (
			);
			inputPaths = (
			);
			name = "[CP] Copy Pods Resources";
			outputPaths = (
			);
			runOnlyForDeploymentPostprocessing = 0;
			shellPath = /bin/sh;
			shellScript = "\"${SRCROOT}/Pods/Target Support Files/Pods-Mirkofalowka/Pods-Mirkofalowka-resources.sh\"\n";
			showEnvVarsInLog = 0;
		};
		CCC85A1A57C582C09B13B336 /* [CP] Check Pods Manifest.lock */ = {
			isa = PBXShellScriptBuildPhase;
			buildActionMask = 2147483647;
			files = (
			);
			inputPaths = (
			);
			name = "[CP] Check Pods Manifest.lock";
			outputPaths = (
			);
			runOnlyForDeploymentPostprocessing = 0;
			shellPath = /bin/sh;
			shellScript = "diff \"${PODS_ROOT}/../Podfile.lock\" \"${PODS_ROOT}/Manifest.lock\" > /dev/null\nif [[ $? != 0 ]] ; then\n    cat << EOM\nerror: The sandbox is not in sync with the Podfile.lock. Run 'pod install' or update your CocoaPods installation.\nEOM\n    exit 1\nfi\n";
			showEnvVarsInLog = 0;
		};
		EEE870210C2707833E62696A /* [CP] Embed Pods Frameworks */ = {
			isa = PBXShellScriptBuildPhase;
			buildActionMask = 2147483647;
			files = (
			);
			inputPaths = (
			);
			name = "[CP] Embed Pods Frameworks";
			outputPaths = (
			);
			runOnlyForDeploymentPostprocessing = 0;
			shellPath = /bin/sh;
			shellScript = "\"${SRCROOT}/Pods/Target Support Files/Pods-Mirkofalowka/Pods-Mirkofalowka-frameworks.sh\"\n";
			showEnvVarsInLog = 0;
		};
/* End PBXShellScriptBuildPhase section */

/* Begin PBXSourcesBuildPhase section */
		89CA2EA91D6B9ABD0088BE95 /* Sources */ = {
			isa = PBXSourcesBuildPhase;
			buildActionMask = 2147483647;
			files = (
				8928AD031D7372E5002A0E7F /* HotViewController.swift in Sources */,
				8928AD071D738EB2002A0E7F /* MirkoPost.swift in Sources */,
				89CA2EB11D6B9ABD0088BE95 /* AppDelegate.swift in Sources */,
				8928AD051D73814E002A0E7F /* User.swift in Sources */,
				892FA4D71D6F53030079439A /* MirkoViewController.swift in Sources */,
				892FA4D51D6F4DE30079439A /* Extensions.swift in Sources */,
				892FA4D31D6F45F30079439A /* LoginManager.swift in Sources */,
				892B49CC1D788EFD00268B0C /* PostCell.swift in Sources */,
				892B49CE1D78911500268B0C /* Constants.swift in Sources */,
			);
			runOnlyForDeploymentPostprocessing = 0;
		};
		89CA2EBF1D6B9ABD0088BE95 /* Sources */ = {
			isa = PBXSourcesBuildPhase;
			buildActionMask = 2147483647;
			files = (
				89CA2EC81D6B9ABD0088BE95 /* MirkofalowkaTests.swift in Sources */,
			);
			runOnlyForDeploymentPostprocessing = 0;
		};
		89CA2ECA1D6B9ABD0088BE95 /* Sources */ = {
			isa = PBXSourcesBuildPhase;
			buildActionMask = 2147483647;
			files = (
				89CA2ED31D6B9ABE0088BE95 /* MirkofalowkaUITests.swift in Sources */,
			);
			runOnlyForDeploymentPostprocessing = 0;
		};
/* End PBXSourcesBuildPhase section */

/* Begin PBXTargetDependency section */
		89CA2EC51D6B9ABD0088BE95 /* PBXTargetDependency */ = {
			isa = PBXTargetDependency;
			target = 89CA2EAC1D6B9ABD0088BE95 /* Mirkofalowka */;
			targetProxy = 89CA2EC41D6B9ABD0088BE95 /* PBXContainerItemProxy */;
		};
		89CA2ED01D6B9ABD0088BE95 /* PBXTargetDependency */ = {
			isa = PBXTargetDependency;
			target = 89CA2EAC1D6B9ABD0088BE95 /* Mirkofalowka */;
			targetProxy = 89CA2ECF1D6B9ABD0088BE95 /* PBXContainerItemProxy */;
		};
/* End PBXTargetDependency section */

/* Begin PBXVariantGroup section */
		89CA2EB61D6B9ABD0088BE95 /* Main.storyboard */ = {
			isa = PBXVariantGroup;
			children = (
				89CA2EB71D6B9ABD0088BE95 /* Base */,
			);
			name = Main.storyboard;
			sourceTree = "<group>";
		};
		89CA2EBB1D6B9ABD0088BE95 /* LaunchScreen.storyboard */ = {
			isa = PBXVariantGroup;
			children = (
				89CA2EBC1D6B9ABD0088BE95 /* Base */,
			);
			name = LaunchScreen.storyboard;
			sourceTree = "<group>";
		};
		89CA2EE21D6BA2FE0088BE95 /* Mirko.storyboard */ = {
			isa = PBXVariantGroup;
			children = (
				89CA2EE31D6BA2FE0088BE95 /* Base */,
			);
			name = Mirko.storyboard;
			sourceTree = "<group>";
		};
		89CA2EE71D6BA3F70088BE95 /* Notifications.storyboard */ = {
			isa = PBXVariantGroup;
			children = (
				89CA2EE81D6BA3F70088BE95 /* Base */,
			);
			name = Notifications.storyboard;
			sourceTree = "<group>";
		};
/* End PBXVariantGroup section */

/* Begin XCBuildConfiguration section */
		89CA2ED51D6B9ABE0088BE95 /* Debug */ = {
			isa = XCBuildConfiguration;
			buildSettings = {
				ALWAYS_SEARCH_USER_PATHS = NO;
				CLANG_ANALYZER_NONNULL = YES;
				CLANG_CXX_LANGUAGE_STANDARD = "gnu++0x";
				CLANG_CXX_LIBRARY = "libc++";
				CLANG_ENABLE_MODULES = YES;
				CLANG_ENABLE_OBJC_ARC = YES;
				CLANG_WARN_BOOL_CONVERSION = YES;
				CLANG_WARN_CONSTANT_CONVERSION = YES;
				CLANG_WARN_DIRECT_OBJC_ISA_USAGE = YES_ERROR;
				CLANG_WARN_EMPTY_BODY = YES;
				CLANG_WARN_ENUM_CONVERSION = YES;
				CLANG_WARN_INFINITE_RECURSION = YES;
				CLANG_WARN_INT_CONVERSION = YES;
				CLANG_WARN_OBJC_ROOT_CLASS = YES_ERROR;
				CLANG_WARN_SUSPICIOUS_MOVE = YES;
				CLANG_WARN_UNREACHABLE_CODE = YES;
				CLANG_WARN__DUPLICATE_METHOD_MATCH = YES;
				"CODE_SIGN_IDENTITY[sdk=iphoneos*]" = "iPhone Developer";
				COPY_PHASE_STRIP = NO;
				DEBUG_INFORMATION_FORMAT = dwarf;
				ENABLE_STRICT_OBJC_MSGSEND = YES;
				ENABLE_TESTABILITY = YES;
				GCC_C_LANGUAGE_STANDARD = gnu99;
				GCC_DYNAMIC_NO_PIC = NO;
				GCC_NO_COMMON_BLOCKS = YES;
				GCC_OPTIMIZATION_LEVEL = 0;
				GCC_PREPROCESSOR_DEFINITIONS = (
					"DEBUG=1",
					"$(inherited)",
				);
				GCC_WARN_64_TO_32_BIT_CONVERSION = YES;
				GCC_WARN_ABOUT_RETURN_TYPE = YES_ERROR;
				GCC_WARN_UNDECLARED_SELECTOR = YES;
				GCC_WARN_UNINITIALIZED_AUTOS = YES_AGGRESSIVE;
				GCC_WARN_UNUSED_FUNCTION = YES;
				GCC_WARN_UNUSED_VARIABLE = YES;
				IPHONEOS_DEPLOYMENT_TARGET = 10.0;
				MTL_ENABLE_DEBUG_INFO = YES;
				ONLY_ACTIVE_ARCH = YES;
				SDKROOT = iphoneos;
				SWIFT_OPTIMIZATION_LEVEL = "-Onone";
				TARGETED_DEVICE_FAMILY = "1,2";
			};
			name = Debug;
		};
		89CA2ED61D6B9ABE0088BE95 /* Release */ = {
			isa = XCBuildConfiguration;
			buildSettings = {
				ALWAYS_SEARCH_USER_PATHS = NO;
				CLANG_ANALYZER_NONNULL = YES;
				CLANG_CXX_LANGUAGE_STANDARD = "gnu++0x";
				CLANG_CXX_LIBRARY = "libc++";
				CLANG_ENABLE_MODULES = YES;
				CLANG_ENABLE_OBJC_ARC = YES;
				CLANG_WARN_BOOL_CONVERSION = YES;
				CLANG_WARN_CONSTANT_CONVERSION = YES;
				CLANG_WARN_DIRECT_OBJC_ISA_USAGE = YES_ERROR;
				CLANG_WARN_EMPTY_BODY = YES;
				CLANG_WARN_ENUM_CONVERSION = YES;
				CLANG_WARN_INFINITE_RECURSION = YES;
				CLANG_WARN_INT_CONVERSION = YES;
				CLANG_WARN_OBJC_ROOT_CLASS = YES_ERROR;
				CLANG_WARN_SUSPICIOUS_MOVE = YES;
				CLANG_WARN_UNREACHABLE_CODE = YES;
				CLANG_WARN__DUPLICATE_METHOD_MATCH = YES;
				"CODE_SIGN_IDENTITY[sdk=iphoneos*]" = "iPhone Developer";
				COPY_PHASE_STRIP = NO;
				DEBUG_INFORMATION_FORMAT = "dwarf-with-dsym";
				ENABLE_NS_ASSERTIONS = NO;
				ENABLE_STRICT_OBJC_MSGSEND = YES;
				GCC_C_LANGUAGE_STANDARD = gnu99;
				GCC_NO_COMMON_BLOCKS = YES;
				GCC_WARN_64_TO_32_BIT_CONVERSION = YES;
				GCC_WARN_ABOUT_RETURN_TYPE = YES_ERROR;
				GCC_WARN_UNDECLARED_SELECTOR = YES;
				GCC_WARN_UNINITIALIZED_AUTOS = YES_AGGRESSIVE;
				GCC_WARN_UNUSED_FUNCTION = YES;
				GCC_WARN_UNUSED_VARIABLE = YES;
				IPHONEOS_DEPLOYMENT_TARGET = 10.0;
				MTL_ENABLE_DEBUG_INFO = NO;
				SDKROOT = iphoneos;
				TARGETED_DEVICE_FAMILY = "1,2";
				VALIDATE_PRODUCT = YES;
			};
			name = Release;
		};
		89CA2ED81D6B9ABE0088BE95 /* Debug */ = {
			isa = XCBuildConfiguration;
			baseConfigurationReference = 41C5C50C279FDF87A233ED7B /* Pods-Mirkofalowka.debug.xcconfig */;
			buildSettings = {
				ALWAYS_EMBED_SWIFT_STANDARD_LIBRARIES = YES;
				ASSETCATALOG_COMPILER_APPICON_NAME = AppIcon;
				CODE_SIGN_IDENTITY = "iPhone Developer";
				"CODE_SIGN_IDENTITY[sdk=iphoneos*]" = "iPhone Developer";
				DEVELOPMENT_TEAM = X9M92XL2Y8;
				INFOPLIST_FILE = Mirkofalowka/Info.plist;
				IPHONEOS_DEPLOYMENT_TARGET = 10.0;
				LD_RUNPATH_SEARCH_PATHS = "$(inherited) @executable_path/Frameworks";
				PRODUCT_BUNDLE_IDENTIFIER = pl.wczoraj.Mirkofalowka;
				PRODUCT_NAME = "$(TARGET_NAME)";
				PROVISIONING_PROFILE = "";
				SWIFT_VERSION = 3.0;
			};
			name = Debug;
		};
		89CA2ED91D6B9ABE0088BE95 /* Release */ = {
			isa = XCBuildConfiguration;
			baseConfigurationReference = 7BFE7EC2E86F1A1492E9C364 /* Pods-Mirkofalowka.release.xcconfig */;
			buildSettings = {
				ALWAYS_EMBED_SWIFT_STANDARD_LIBRARIES = YES;
				ASSETCATALOG_COMPILER_APPICON_NAME = AppIcon;
				CODE_SIGN_IDENTITY = "iPhone Developer";
				"CODE_SIGN_IDENTITY[sdk=iphoneos*]" = "iPhone Developer";
				DEVELOPMENT_TEAM = X9M92XL2Y8;
				INFOPLIST_FILE = Mirkofalowka/Info.plist;
				IPHONEOS_DEPLOYMENT_TARGET = 10.0;
				LD_RUNPATH_SEARCH_PATHS = "$(inherited) @executable_path/Frameworks";
				PRODUCT_BUNDLE_IDENTIFIER = pl.wczoraj.Mirkofalowka;
				PRODUCT_NAME = "$(TARGET_NAME)";
				PROVISIONING_PROFILE = "";
				SWIFT_OPTIMIZATION_LEVEL = "-Owholemodule";
				SWIFT_VERSION = 3.0;
			};
			name = Release;
		};
		89CA2EDB1D6B9ABE0088BE95 /* Debug */ = {
			isa = XCBuildConfiguration;
			buildSettings = {
				BUNDLE_LOADER = "$(TEST_HOST)";
				INFOPLIST_FILE = MirkofalowkaTests/Info.plist;
				LD_RUNPATH_SEARCH_PATHS = "$(inherited) @executable_path/Frameworks @loader_path/Frameworks";
				PRODUCT_BUNDLE_IDENTIFIER = pl.wczoraj.MirkofalowkaTests;
				PRODUCT_NAME = "$(TARGET_NAME)";
				SWIFT_VERSION = 3.0;
				TEST_HOST = "$(BUILT_PRODUCTS_DIR)/Mirkofalowka.app/Mirkofalowka";
			};
			name = Debug;
		};
		89CA2EDC1D6B9ABE0088BE95 /* Release */ = {
			isa = XCBuildConfiguration;
			buildSettings = {
				BUNDLE_LOADER = "$(TEST_HOST)";
				INFOPLIST_FILE = MirkofalowkaTests/Info.plist;
				LD_RUNPATH_SEARCH_PATHS = "$(inherited) @executable_path/Frameworks @loader_path/Frameworks";
				PRODUCT_BUNDLE_IDENTIFIER = pl.wczoraj.MirkofalowkaTests;
				PRODUCT_NAME = "$(TARGET_NAME)";
				SWIFT_OPTIMIZATION_LEVEL = "-Owholemodule";
				SWIFT_VERSION = 3.0;
				TEST_HOST = "$(BUILT_PRODUCTS_DIR)/Mirkofalowka.app/Mirkofalowka";
			};
			name = Release;
		};
		89CA2EDE1D6B9ABE0088BE95 /* Debug */ = {
			isa = XCBuildConfiguration;
			buildSettings = {
				INFOPLIST_FILE = MirkofalowkaUITests/Info.plist;
				LD_RUNPATH_SEARCH_PATHS = "$(inherited) @executable_path/Frameworks @loader_path/Frameworks";
				PRODUCT_BUNDLE_IDENTIFIER = pl.wczoraj.MirkofalowkaUITests;
				PRODUCT_NAME = "$(TARGET_NAME)";
				SWIFT_VERSION = 3.0;
				TEST_TARGET_NAME = Mirkofalowka;
			};
			name = Debug;
		};
		89CA2EDF1D6B9ABE0088BE95 /* Release */ = {
			isa = XCBuildConfiguration;
			buildSettings = {
				INFOPLIST_FILE = MirkofalowkaUITests/Info.plist;
				LD_RUNPATH_SEARCH_PATHS = "$(inherited) @executable_path/Frameworks @loader_path/Frameworks";
				PRODUCT_BUNDLE_IDENTIFIER = pl.wczoraj.MirkofalowkaUITests;
				PRODUCT_NAME = "$(TARGET_NAME)";
				SWIFT_OPTIMIZATION_LEVEL = "-Owholemodule";
				SWIFT_VERSION = 3.0;
				TEST_TARGET_NAME = Mirkofalowka;
			};
			name = Release;
		};
/* End XCBuildConfiguration section */

/* Begin XCConfigurationList section */
		89CA2EA81D6B9ABD0088BE95 /* Build configuration list for PBXProject "Mirkofalowka" */ = {
			isa = XCConfigurationList;
			buildConfigurations = (
				89CA2ED51D6B9ABE0088BE95 /* Debug */,
				89CA2ED61D6B9ABE0088BE95 /* Release */,
			);
			defaultConfigurationIsVisible = 0;
			defaultConfigurationName = Release;
		};
		89CA2ED71D6B9ABE0088BE95 /* Build configuration list for PBXNativeTarget "Mirkofalowka" */ = {
			isa = XCConfigurationList;
			buildConfigurations = (
				89CA2ED81D6B9ABE0088BE95 /* Debug */,
				89CA2ED91D6B9ABE0088BE95 /* Release */,
			);
			defaultConfigurationIsVisible = 0;
			defaultConfigurationName = Release;
		};
		89CA2EDA1D6B9ABE0088BE95 /* Build configuration list for PBXNativeTarget "MirkofalowkaTests" */ = {
			isa = XCConfigurationList;
			buildConfigurations = (
				89CA2EDB1D6B9ABE0088BE95 /* Debug */,
				89CA2EDC1D6B9ABE0088BE95 /* Release */,
			);
			defaultConfigurationIsVisible = 0;
			defaultConfigurationName = Release;
		};
		89CA2EDD1D6B9ABE0088BE95 /* Build configuration list for PBXNativeTarget "MirkofalowkaUITests" */ = {
			isa = XCConfigurationList;
			buildConfigurations = (
				89CA2EDE1D6B9ABE0088BE95 /* Debug */,
				89CA2EDF1D6B9ABE0088BE95 /* Release */,
			);
			defaultConfigurationIsVisible = 0;
			defaultConfigurationName = Release;
		};
/* End XCConfigurationList section */
	};
	rootObject = 89CA2EA51D6B9ABD0088BE95 /* Project object */;
}
